{
    "_readme": [
        "This file locks the dependencies of your project to a known state",
        "Read more about it at https://getcomposer.org/doc/01-basic-usage.md#installing-dependencies",
        "This file is @generated automatically"
    ],
    "content-hash": "fa350d2d93334cdb3f1a1afa201b5e60",
    "packages": [
        {
            "name": "buildmvc/mvcframework",
            "version": "1.0",
            "dist": {
                "type": "path",
                "url": "MVCFramework",
                "reference": "ddfa8a10757ba65b30ede8d7a508572ca0d43f89"
            },
            "type": "library",
            "autoload": {
                "psr-4": {
                    "Mvcframework\\": "framework/",
                    "Illuminate\\": "framework/Illuminate/"
                },
                "files": [
                    "framework/Helpers/mvc_helpers.php"
                ]
            },
            "license": [
                "MIT"
            ],
            "authors": [
                {
                    "name": "Azaze"
                }
            ],
            "description": "Build New Framework With MVC",
            "transport-options": {
                "relative": true
            }
        }
    ],
    "packages-dev": [],
    "aliases": [],
    "minimum-stability": "dev",
    "stability-flags": {},
    "prefer-stable": false,
    "prefer-lowest": false,
    "platform": {
        "php": "^8.0"
    },
    "platform-dev": {},
    "plugin-api-version": "2.6.0"
}
